
Microsoft Visual Studio Solution File, Format Version 12.00
# Visual Studio 2012
Project("{FAE04EC0-301F-11D3-BF4B-00C04F79EFBC}") = "MvcPhotoGallery", "MvcPhotoGallery\MvcPhotoGallery.csproj", "{1F39C931-D17C-4D2E-A2BB-9938B6F6F016}"
EndProject
Global
	GlobalSection(SolutionConfigurationPlatforms) = preSolution
		Debug|Any CPU = Debug|Any CPU
		Release|Any CPU = Release|Any CPU
	EndGlobalSection
	GlobalSection(ProjectConfigurationPlatforms) = postSolution
		{1F39C931-D17C-4D2E-A2BB-9938B6F6F016}.Debug|Any CPU.ActiveCfg = Debug|Any CPU
		{1F39C931-D17C-4D2E-A2BB-9938B6F6F016}.Debug|Any CPU.Build.0 = Debug|Any CPU
		{1F39C931-D17C-4D2E-A2BB-9938B6F6F016}.Release|Any CPU.ActiveCfg = Release|Any CPU
		{1F39C931-D17C-4D2E-A2BB-9938B6F6F016}.Release|Any CPU.Build.0 = Release|Any CPU
	EndGlobalSection
	GlobalSection(SolutionProperties) = preSolution
		HideSolutionNode = FALSE
	EndGlobalSection
EndGlobal
